
Microsoft Visual Studio Solution File, Format Version 12.00
# Visual Studio Version 17
VisualStudioVersion = 17.2.32505.173
MinimumVisualStudioVersion = 10.0.40219.1
Project("{FAE04EC0-301F-11D3-BF4B-00C04F79EFBC}") = "CapaPresentacion", "CapaPresentacion\CapaPresentacion.csproj", "{FC82C71C-F719-40BF-9319-BF5F78B40026}"
EndProject
Project("{FAE04EC0-301F-11D3-BF4B-00C04F79EFBC}") = "CapaDatos", "CapaDatos\CapaDatos.csproj", "{319B6B8D-C14D-475B-AE0F-C3A1D036E79C}"
EndProject
Project("{FAE04EC0-301F-11D3-BF4B-00C04F79EFBC}") = "CapaNegocio", "CapaNegocio\CapaNegocio.csproj", "{11D54CFD-60FA-4393-B7C0-134DBBDCF001}"
EndProject
Project("{FAE04EC0-301F-11D3-BF4B-00C04F79EFBC}") = "CapaEntidades", "CapaEntidades\CapaEntidades.csproj", "{64489560-292E-4B7F-B6CD-9FDCAED5CF43}"
EndProject
Global
	GlobalSection(SolutionConfigurationPlatforms) = preSolution
		Debug|Any CPU = Debug|Any CPU
		Release|Any CPU = Release|Any CPU
	EndGlobalSection
	GlobalSection(ProjectConfigurationPlatforms) = postSolution
		{FC82C71C-F719-40BF-9319-BF5F78B40026}.Debug|Any CPU.ActiveCfg = Debug|Any CPU
		{FC82C71C-F719-40BF-9319-BF5F78B40026}.Debug|Any CPU.Build.0 = Debug|Any CPU
		{FC82C71C-F719-40BF-9319-BF5F78B40026}.Release|Any CPU.ActiveCfg = Release|Any CPU
		{FC82C71C-F719-40BF-9319-BF5F78B40026}.Release|Any CPU.Build.0 = Release|Any CPU
		{319B6B8D-C14D-475B-AE0F-C3A1D036E79C}.Debug|Any CPU.ActiveCfg = Debug|Any CPU
		{319B6B8D-C14D-475B-AE0F-C3A1D036E79C}.Debug|Any CPU.Build.0 = Debug|Any CPU
		{319B6B8D-C14D-475B-AE0F-C3A1D036E79C}.Release|Any CPU.ActiveCfg = Release|Any CPU
		{319B6B8D-C14D-475B-AE0F-C3A1D036E79C}.Release|Any CPU.Build.0 = Release|Any CPU
		{11D54CFD-60FA-4393-B7C0-134DBBDCF001}.Debug|Any CPU.ActiveCfg = Debug|Any CPU
		{11D54CFD-60FA-4393-B7C0-134DBBDCF001}.Debug|Any CPU.Build.0 = Debug|Any CPU
		{11D54CFD-60FA-4393-B7C0-134DBBDCF001}.Release|Any CPU.ActiveCfg = Release|Any CPU
		{11D54CFD-60FA-4393-B7C0-134DBBDCF001}.Release|Any CPU.Build.0 = Release|Any CPU
		{64489560-292E-4B7F-B6CD-9FDCAED5CF43}.Debug|Any CPU.ActiveCfg = Debug|Any CPU
		{64489560-292E-4B7F-B6CD-9FDCAED5CF43}.Debug|Any CPU.Build.0 = Debug|Any CPU
		{64489560-292E-4B7F-B6CD-9FDCAED5CF43}.Release|Any CPU.ActiveCfg = Release|Any CPU
		{64489560-292E-4B7F-B6CD-9FDCAED5CF43}.Release|Any CPU.Build.0 = Release|Any CPU
	EndGlobalSection
	GlobalSection(SolutionProperties) = preSolution
		HideSolutionNode = FALSE
	EndGlobalSection
	GlobalSection(ExtensibilityGlobals) = postSolution
		SolutionGuid = {065DED3A-AF6D-47C6-AD85-07E119A3034B}
	EndGlobalSection
EndGlobal
